
Microsoft Visual Studio Solution File, Format Version 12.00
# Visual Studio Version 16
VisualStudioVersion = 16.0.31727.386
MinimumVisualStudioVersion = 10.0.40219.1
Project("{9A19103F-16F7-4668-BE54-9A1E7A4F7556}") = "PatientManagement", "PatientManagement\PatientManagement.csproj", "{DC99A43B-94C0-46D4-B325-E641B26AA1C6}"
EndProject
Project("{FAE04EC0-301F-11D3-BF4B-00C04F79EFBC}") = "PatientDbContext", "PatientDbContext\PatientDbContext.csproj", "{CB3C241B-4C10-45EF-A625-B9BC61AAB2EB}"
EndProject
Project("{FAE04EC0-301F-11D3-BF4B-00C04F79EFBC}") = "PatientEntity", "PatientEntity\PatientEntity.csproj", "{DA9E5673-2D76-46F5-8EF8-2FF62F4899CA}"
EndProject
Global
	GlobalSection(SolutionConfigurationPlatforms) = preSolution
		Debug|Any CPU = Debug|Any CPU
		Release|Any CPU = Release|Any CPU
	EndGlobalSection
	GlobalSection(ProjectConfigurationPlatforms) = postSolution
		{DC99A43B-94C0-46D4-B325-E641B26AA1C6}.Debug|Any CPU.ActiveCfg = Debug|Any CPU
		{DC99A43B-94C0-46D4-B325-E641B26AA1C6}.Debug|Any CPU.Build.0 = Debug|Any CPU
		{DC99A43B-94C0-46D4-B325-E641B26AA1C6}.Release|Any CPU.ActiveCfg = Release|Any CPU
		{DC99A43B-94C0-46D4-B325-E641B26AA1C6}.Release|Any CPU.Build.0 = Release|Any CPU
		{CB3C241B-4C10-45EF-A625-B9BC61AAB2EB}.Debug|Any CPU.ActiveCfg = Debug|Any CPU
		{CB3C241B-4C10-45EF-A625-B9BC61AAB2EB}.Debug|Any CPU.Build.0 = Debug|Any CPU
		{CB3C241B-4C10-45EF-A625-B9BC61AAB2EB}.Release|Any CPU.ActiveCfg = Release|Any CPU
		{CB3C241B-4C10-45EF-A625-B9BC61AAB2EB}.Release|Any CPU.Build.0 = Release|Any CPU
		{DA9E5673-2D76-46F5-8EF8-2FF62F4899CA}.Debug|Any CPU.ActiveCfg = Debug|Any CPU
		{DA9E5673-2D76-46F5-8EF8-2FF62F4899CA}.Debug|Any CPU.Build.0 = Debug|Any CPU
		{DA9E5673-2D76-46F5-8EF8-2FF62F4899CA}.Release|Any CPU.ActiveCfg = Release|Any CPU
		{DA9E5673-2D76-46F5-8EF8-2FF62F4899CA}.Release|Any CPU.Build.0 = Release|Any CPU
	EndGlobalSection
	GlobalSection(SolutionProperties) = preSolution
		HideSolutionNode = FALSE
	EndGlobalSection
	GlobalSection(ExtensibilityGlobals) = postSolution
		SolutionGuid = {8D1FBB53-9741-4FF4-95AF-20631F5CE472}
	EndGlobalSection
EndGlobal
